
Microsoft Visual Studio Solution File, Format Version 12.00
# Visual Studio Version 17
VisualStudioVersion = 17.14.36511.14 d17.14
MinimumVisualStudioVersion = 10.0.40219.1
Project("{FAE04EC0-301F-11D3-BF4B-00C04F79EFBC}") = "ContosoUniversity", "ContosoUniversity\ContosoUniversity.csproj", "{2D7F601A-F193-4B90-BA3C-611491E53737}"
EndProject
Global
	GlobalSection(SolutionConfigurationPlatforms) = preSolution
		Debug|Any CPU = Debug|Any CPU
		Release|Any CPU = Release|Any CPU
	EndGlobalSection
	GlobalSection(ProjectConfigurationPlatforms) = postSolution
		{2D7F601A-F193-4B90-BA3C-611491E53737}.Debug|Any CPU.ActiveCfg = Debug|Any CPU
		{2D7F601A-F193-4B90-BA3C-611491E53737}.Debug|Any CPU.Build.0 = Debug|Any CPU
		{2D7F601A-F193-4B90-BA3C-611491E53737}.Release|Any CPU.ActiveCfg = Release|Any CPU
		{2D7F601A-F193-4B90-BA3C-611491E53737}.Release|Any CPU.Build.0 = Release|Any CPU
	EndGlobalSection
	GlobalSection(SolutionProperties) = preSolution
		HideSolutionNode = FALSE
	EndGlobalSection
	GlobalSection(ExtensibilityGlobals) = postSolution
		SolutionGuid = {EDFB55CD-B3BA-4272-A443-D747F5B08022}
	EndGlobalSection
EndGlobal
